
Microsoft Visual Studio Solution File, Format Version 12.00
# Visual Studio Version 17
VisualStudioVersion = 17.12.35506.116 d17.12
MinimumVisualStudioVersion = 10.0.40219.1
Project("{FAE04EC0-301F-11D3-BF4B-00C04F79EFBC}") = "РГР", "РГР\РГР.csproj", "{E49F4675-B4D2-41AE-B781-98249B1300BD}"
EndProject
Global
	GlobalSection(SolutionConfigurationPlatforms) = preSolution
		Debug|Any CPU = Debug|Any CPU
		Release|Any CPU = Release|Any CPU
	EndGlobalSection
	GlobalSection(ProjectConfigurationPlatforms) = postSolution
		{E49F4675-B4D2-41AE-B781-98249B1300BD}.Debug|Any CPU.ActiveCfg = Debug|Any CPU
		{E49F4675-B4D2-41AE-B781-98249B1300BD}.Debug|Any CPU.Build.0 = Debug|Any CPU
		{E49F4675-B4D2-41AE-B781-98249B1300BD}.Release|Any CPU.ActiveCfg = Release|Any CPU
		{E49F4675-B4D2-41AE-B781-98249B1300BD}.Release|Any CPU.Build.0 = Release|Any CPU
	EndGlobalSection
	GlobalSection(SolutionProperties) = preSolution
		HideSolutionNode = FALSE
	EndGlobalSection
EndGlobal
